
Microsoft Visual Studio Solution File, Format Version 12.00
# Visual Studio 15
VisualStudioVersion = 15.0.28307.421
MinimumVisualStudioVersion = 10.0.40219.1
Project("{FAE04EC0-301F-11D3-BF4B-00C04F79EFBC}") = "latihanmethod", "latihanmethod\latihanmethod.csproj", "{FE851BFC-CD53-47E3-8396-96A6309F17BE}"
EndProject
Global
	GlobalSection(SolutionConfigurationPlatforms) = preSolution
		Debug|Any CPU = Debug|Any CPU
		Release|Any CPU = Release|Any CPU
	EndGlobalSection
	GlobalSection(ProjectConfigurationPlatforms) = postSolution
		{FE851BFC-CD53-47E3-8396-96A6309F17BE}.Debug|Any CPU.ActiveCfg = Debug|Any CPU
		{FE851BFC-CD53-47E3-8396-96A6309F17BE}.Debug|Any CPU.Build.0 = Debug|Any CPU
		{FE851BFC-CD53-47E3-8396-96A6309F17BE}.Release|Any CPU.ActiveCfg = Release|Any CPU
		{FE851BFC-CD53-47E3-8396-96A6309F17BE}.Release|Any CPU.Build.0 = Release|Any CPU
	EndGlobalSection
	GlobalSection(SolutionProperties) = preSolution
		HideSolutionNode = FALSE
	EndGlobalSection
	GlobalSection(ExtensibilityGlobals) = postSolution
		SolutionGuid = {D555D69D-531C-4544-92CF-B9F3548A428B}
	EndGlobalSection
EndGlobal
